{
    "hash": "92e78b0fbb6526a7508cc7483d901428",
    "packages": [
        {
            "name": "mtdowling/cron-expression",
            "version": "dev-master",
            "source": {
                "type": "git",
                "url": "https://github.com/mtdowling/cron-expression",
                "reference": "8e6e6f7a2fcfc3c60148b45349a7badc1ec1662d"
            },
            "dist": {
                "type": "zip",
                "url": "https://github.com/mtdowling/cron-expression/zipball/8e6e6f7a2fcfc3c60148b45349a7badc1ec1662d",
                "reference": "8e6e6f7a2fcfc3c60148b45349a7badc1ec1662d",
                "shasum": ""
            },
            "require": {
                "php": ">=5.3.2"
            },
            "time": "1345756469",
            "type": "library",
            "installation-source": "source",
            "autoload": {
                "psr-0": {
                    "Cron": "src/"
                }
            },
            "license": [
                "MIT"
            ],
            "authors": [
                {
                    "name": "Michael Dowling",
                    "email": "mtdowling@gmail.com",
                    "homepage": "https://github.com/mtdowling"
                }
            ],
            "description": "CRON for PHP: Calculate the next or previous run date and determine if a CRON expression is due",
            "keywords": [
                "cron",
                "schedule"
            ]
        },
        {
            "name": "swiftmailer/swiftmailer",
            "version": "v4.2.1",
            "source": {
                "type": "git",
                "url": "git://github.com/swiftmailer/swiftmailer.git",
                "reference": "v4.2.1"
            },
            "dist": {
                "type": "zip",
                "url": "https://github.com/swiftmailer/swiftmailer/zipball/v4.2.1",
                "reference": "v4.2.1",
                "shasum": ""
            },
            "require": {
                "php": ">=5.2.4"
            },
            "time": "2012-07-13 16:46:37",
            "type": "library",
            "extra": {
                "branch-alias": {
                    "dev-master": "4.2-dev"
                }
            },
            "installation-source": "dist",
            "autoload": {
                "files": [
                    "lib/swift_required.php"
                ]
            },
            "license": [
                "LGPL"
            ],
            "authors": [
                {
                    "name": "Fabien Potencier",
                    "email": "fabien@symfony.com"
                },
                {
                    "name": "Chris Corbyn"
                }
            ],
            "description": "Swiftmailer, free feature-rich PHP mailer",
            "homepage": "http://swiftmailer.org",
            "keywords": [
                "mail",
                "mailer"
            ]
        }
    ],
    "packages-dev": null,
    "aliases": [

    ],
    "minimum-stability": "stable",
    "stability-flags": {
        "mtdowling/cron-expression": 20
    }
}
